// !$*UTF8*$!
{
	archiveVersion = 1;
	classes = {
	};
	objectVersion = 50;
	objects = {

/* Begin PBXBuildFile section */
		BE25DA4F27BED6CB00691293 /* RUMainLabel.swift in Sources */ = {isa = PBXBuildFile; fileRef = BE25DA4E27BED6CB00691293 /* RUMainLabel.swift */; };
		BE25DA5327BEDCF900691293 /* RUAvatarImageView.swift in Sources */ = {isa = PBXBuildFile; fileRef = BE25DA5227BEDCF900691293 /* RUAvatarImageView.swift */; };
		BE25DA5627C01BE200691293 /* UserInfoView.swift in Sources */ = {isa = PBXBuildFile; fileRef = BE25DA5527C01BE200691293 /* UserInfoView.swift */; };
		BE25DA5927C023EE00691293 /* UserInfoVC.swift in Sources */ = {isa = PBXBuildFile; fileRef = BE25DA5827C023EE00691293 /* UserInfoVC.swift */; };
		BE25DA5C27C103D200691293 /* RUSecondaryLabel.swift in Sources */ = {isa = PBXBuildFile; fileRef = BE25DA5B27C103D200691293 /* RUSecondaryLabel.swift */; };
		BE25DA6427C10B2200691293 /* PersonalInfoView.swift in Sources */ = {isa = PBXBuildFile; fileRef = BE25DA6327C10B2200691293 /* PersonalInfoView.swift */; };
		BE2621F027BC516700D7C8AA /* AppDelegate.swift in Sources */ = {isa = PBXBuildFile; fileRef = BE2621EF27BC516700D7C8AA /* AppDelegate.swift */; };
		BE2621F227BC516700D7C8AA /* SceneDelegate.swift in Sources */ = {isa = PBXBuildFile; fileRef = BE2621F127BC516700D7C8AA /* SceneDelegate.swift */; };
		BE2621F927BC516B00D7C8AA /* Assets.xcassets in Resources */ = {isa = PBXBuildFile; fileRef = BE2621F827BC516B00D7C8AA /* Assets.xcassets */; };
		BE2621FC27BC516B00D7C8AA /* LaunchScreen.storyboard in Resources */ = {isa = PBXBuildFile; fileRef = BE2621FA27BC516B00D7C8AA /* LaunchScreen.storyboard */; };
		BE26220627BC567D00D7C8AA /* HomeViewController.swift in Sources */ = {isa = PBXBuildFile; fileRef = BE26220527BC567D00D7C8AA /* HomeViewController.swift */; };
		BE26220A27BC57F700D7C8AA /* NetworkManager.swift in Sources */ = {isa = PBXBuildFile; fileRef = BE26220927BC57F700D7C8AA /* NetworkManager.swift */; };
		BE26220D27BC583200D7C8AA /* User.swift in Sources */ = {isa = PBXBuildFile; fileRef = BE26220C27BC583200D7C8AA /* User.swift */; };
		BE26221427BC638200D7C8AA /* RUError.swift in Sources */ = {isa = PBXBuildFile; fileRef = BE26221327BC638200D7C8AA /* RUError.swift */; };
		BE26221727BDA38300D7C8AA /* UserCell.swift in Sources */ = {isa = PBXBuildFile; fileRef = BE26221627BDA38300D7C8AA /* UserCell.swift */; };
		BEC9588527C24DF600CB197F /* RULocationButton.swift in Sources */ = {isa = PBXBuildFile; fileRef = BEC9588427C24DF600CB197F /* RULocationButton.swift */; };
/* End PBXBuildFile section */

/* Begin PBXFileReference section */
		BE25DA4E27BED6CB00691293 /* RUMainLabel.swift */ = {isa = PBXFileReference; lastKnownFileType = sourcecode.swift; path = RUMainLabel.swift; sourceTree = "<group>"; };
		BE25DA5227BEDCF900691293 /* RUAvatarImageView.swift */ = {isa = PBXFileReference; lastKnownFileType = sourcecode.swift; path = RUAvatarImageView.swift; sourceTree = "<group>"; };
		BE25DA5527C01BE200691293 /* UserInfoView.swift */ = {isa = PBXFileReference; lastKnownFileType = sourcecode.swift; path = UserInfoView.swift; sourceTree = "<group>"; };
		BE25DA5827C023EE00691293 /* UserInfoVC.swift */ = {isa = PBXFileReference; lastKnownFileType = sourcecode.swift; path = UserInfoVC.swift; sourceTree = "<group>"; };
		BE25DA5B27C103D200691293 /* RUSecondaryLabel.swift */ = {isa = PBXFileReference; lastKnownFileType = sourcecode.swift; path = RUSecondaryLabel.swift; sourceTree = "<group>"; };
		BE25DA6327C10B2200691293 /* PersonalInfoView.swift */ = {isa = PBXFileReference; lastKnownFileType = sourcecode.swift; path = PersonalInfoView.swift; sourceTree = "<group>"; };
		BE2621EC27BC516700D7C8AA /* RandomUser.app */ = {isa = PBXFileReference; explicitFileType = wrapper.application; includeInIndex = 0; path = RandomUser.app; sourceTree = BUILT_PRODUCTS_DIR; };
		BE2621EF27BC516700D7C8AA /* AppDelegate.swift */ = {isa = PBXFileReference; lastKnownFileType = sourcecode.swift; path = AppDelegate.swift; sourceTree = "<group>"; };
		BE2621F127BC516700D7C8AA /* SceneDelegate.swift */ = {isa = PBXFileReference; lastKnownFileType = sourcecode.swift; path = SceneDelegate.swift; sourceTree = "<group>"; };
		BE2621F827BC516B00D7C8AA /* Assets.xcassets */ = {isa = PBXFileReference; lastKnownFileType = folder.assetcatalog; path = Assets.xcassets; sourceTree = "<group>"; };
		BE2621FB27BC516B00D7C8AA /* Base */ = {isa = PBXFileReference; lastKnownFileType = file.storyboard; name = Base; path = Base.lproj/LaunchScreen.storyboard; sourceTree = "<group>"; };
		BE2621FD27BC516B00D7C8AA /* Info.plist */ = {isa = PBXFileReference; lastKnownFileType = text.plist.xml; path = Info.plist; sourceTree = "<group>"; };
		BE26220527BC567D00D7C8AA /* HomeViewController.swift */ = {isa = PBXFileReference; lastKnownFileType = sourcecode.swift; path = HomeViewController.swift; sourceTree = "<group>"; };
		BE26220927BC57F700D7C8AA /* NetworkManager.swift */ = {isa = PBXFileReference; lastKnownFileType = sourcecode.swift; path = NetworkManager.swift; sourceTree = "<group>"; };
		BE26220C27BC583200D7C8AA /* User.swift */ = {isa = PBXFileReference; lastKnownFileType = sourcecode.swift; path = User.swift; sourceTree = "<group>"; };
		BE26221327BC638200D7C8AA /* RUError.swift */ = {isa = PBXFileReference; lastKnownFileType = sourcecode.swift; path = RUError.swift; sourceTree = "<group>"; };
		BE26221627BDA38300D7C8AA /* UserCell.swift */ = {isa = PBXFileReference; lastKnownFileType = sourcecode.swift; path = UserCell.swift; sourceTree = "<group>"; };
		BEC9588427C24DF600CB197F /* RULocationButton.swift */ = {isa = PBXFileReference; lastKnownFileType = sourcecode.swift; path = RULocationButton.swift; sourceTree = "<group>"; };
/* End PBXFileReference section */

/* Begin PBXFrameworksBuildPhase section */
		BE2621E927BC516700D7C8AA /* Frameworks */ = {
			isa = PBXFrameworksBuildPhase;
			buildActionMask = 2147483647;
			files = (
			);
			runOnlyForDeploymentPostprocessing = 0;
		};
/* End PBXFrameworksBuildPhase section */

/* Begin PBXGroup section */
		BE25DA4D27BED6AF00691293 /* Labels */ = {
			isa = PBXGroup;
			children = (
				BE25DA4E27BED6CB00691293 /* RUMainLabel.swift */,
				BE25DA5B27C103D200691293 /* RUSecondaryLabel.swift */,
			);
			path = Labels;
			sourceTree = "<group>";
		};
		BE25DA5127BEDCE300691293 /* ImageViews */ = {
			isa = PBXGroup;
			children = (
				BE25DA5227BEDCF900691293 /* RUAvatarImageView.swift */,
			);
			path = ImageViews;
			sourceTree = "<group>";
		};
		BE2621E327BC516700D7C8AA = {
			isa = PBXGroup;
			children = (
				BE2621EE27BC516700D7C8AA /* RandomUser */,
				BE2621ED27BC516700D7C8AA /* Products */,
			);
			sourceTree = "<group>";
		};
		BE2621ED27BC516700D7C8AA /* Products */ = {
			isa = PBXGroup;
			children = (
				BE2621EC27BC516700D7C8AA /* RandomUser.app */,
			);
			name = Products;
			sourceTree = "<group>";
		};
		BE2621EE27BC516700D7C8AA /* RandomUser */ = {
			isa = PBXGroup;
			children = (
				BE26221F27BDB82100D7C8AA /* Support */,
				BE26221E27BDB80D00D7C8AA /* Utilities */,
				BE26221D27BDB7FB00D7C8AA /* Managers */,
				BE26221B27BDB7D400D7C8AA /* Views */,
				BE26221A27BDB7C300D7C8AA /* Models */,
				BE26221927BDB7A500D7C8AA /* Controllers */,
				BE2621FD27BC516B00D7C8AA /* Info.plist */,
			);
			path = RandomUser;
			sourceTree = "<group>";
		};
		BE26221927BDB7A500D7C8AA /* Controllers */ = {
			isa = PBXGroup;
			children = (
				BE26220527BC567D00D7C8AA /* HomeViewController.swift */,
				BE25DA5827C023EE00691293 /* UserInfoVC.swift */,
			);
			path = Controllers;
			sourceTree = "<group>";
		};
		BE26221A27BDB7C300D7C8AA /* Models */ = {
			isa = PBXGroup;
			children = (
				BE26220C27BC583200D7C8AA /* User.swift */,
			);
			path = Models;
			sourceTree = "<group>";
		};
		BE26221B27BDB7D400D7C8AA /* Views */ = {
			isa = PBXGroup;
			children = (
				BEC9588327C24DDC00CB197F /* Buttons */,
				BE25DA5127BEDCE300691293 /* ImageViews */,
				BE25DA4D27BED6AF00691293 /* Labels */,
				BE26221C27BDB7E800D7C8AA /* Cells */,
				BE25DA5527C01BE200691293 /* UserInfoView.swift */,
				BE25DA6327C10B2200691293 /* PersonalInfoView.swift */,
			);
			path = Views;
			sourceTree = "<group>";
		};
		BE26221C27BDB7E800D7C8AA /* Cells */ = {
			isa = PBXGroup;
			children = (
				BE26221627BDA38300D7C8AA /* UserCell.swift */,
			);
			path = Cells;
			sourceTree = "<group>";
		};
		BE26221D27BDB7FB00D7C8AA /* Managers */ = {
			isa = PBXGroup;
			children = (
				BE26220927BC57F700D7C8AA /* NetworkManager.swift */,
			);
			path = Managers;
			sourceTree = "<group>";
		};
		BE26221E27BDB80D00D7C8AA /* Utilities */ = {
			isa = PBXGroup;
			children = (
				BE26221327BC638200D7C8AA /* RUError.swift */,
			);
			path = Utilities;
			sourceTree = "<group>";
		};
		BE26221F27BDB82100D7C8AA /* Support */ = {
			isa = PBXGroup;
			children = (
				BE2621EF27BC516700D7C8AA /* AppDelegate.swift */,
				BE2621F127BC516700D7C8AA /* SceneDelegate.swift */,
				BE2621F827BC516B00D7C8AA /* Assets.xcassets */,
				BE2621FA27BC516B00D7C8AA /* LaunchScreen.storyboard */,
			);
			path = Support;
			sourceTree = "<group>";
		};
		BEC9588327C24DDC00CB197F /* Buttons */ = {
			isa = PBXGroup;
			children = (
				BEC9588427C24DF600CB197F /* RULocationButton.swift */,
			);
			path = Buttons;
			sourceTree = "<group>";
		};
/* End PBXGroup section */

/* Begin PBXNativeTarget section */
		BE2621EB27BC516700D7C8AA /* RandomUser */ = {
			isa = PBXNativeTarget;
			buildConfigurationList = BE26220027BC516B00D7C8AA /* Build configuration list for PBXNativeTarget "RandomUser" */;
			buildPhases = (
				BE2621E827BC516700D7C8AA /* Sources */,
				BE2621E927BC516700D7C8AA /* Frameworks */,
				BE2621EA27BC516700D7C8AA /* Resources */,
			);
			buildRules = (
			);
			dependencies = (
			);
			name = RandomUser;
			productName = RandomUser;
			productReference = BE2621EC27BC516700D7C8AA /* RandomUser.app */;
			productType = "com.apple.product-type.application";
		};
/* End PBXNativeTarget section */

/* Begin PBXProject section */
		BE2621E427BC516700D7C8AA /* Project object */ = {
			isa = PBXProject;
			attributes = {
				LastSwiftUpdateCheck = 1240;
				LastUpgradeCheck = 1240;
				TargetAttributes = {
					BE2621EB27BC516700D7C8AA = {
						CreatedOnToolsVersion = 12.4;
					};
				};
			};
			buildConfigurationList = BE2621E727BC516700D7C8AA /* Build configuration list for PBXProject "RandomUser" */;
			compatibilityVersion = "Xcode 9.3";
			developmentRegion = en;
			hasScannedForEncodings = 0;
			knownRegions = (
				en,
				Base,
			);
			mainGroup = BE2621E327BC516700D7C8AA;
			productRefGroup = BE2621ED27BC516700D7C8AA /* Products */;
			projectDirPath = "";
			projectRoot = "";
			targets = (
				BE2621EB27BC516700D7C8AA /* RandomUser */,
			);
		};
/* End PBXProject section */

/* Begin PBXResourcesBuildPhase section */
		BE2621EA27BC516700D7C8AA /* Resources */ = {
			isa = PBXResourcesBuildPhase;
			buildActionMask = 2147483647;
			files = (
				BE2621FC27BC516B00D7C8AA /* LaunchScreen.storyboard in Resources */,
				BE2621F927BC516B00D7C8AA /* Assets.xcassets in Resources */,
			);
			runOnlyForDeploymentPostprocessing = 0;
		};
/* End PBXResourcesBuildPhase section */

/* Begin PBXSourcesBuildPhase section */
		BE2621E827BC516700D7C8AA /* Sources */ = {
			isa = PBXSourcesBuildPhase;
			buildActionMask = 2147483647;
			files = (
				BE25DA4F27BED6CB00691293 /* RUMainLabel.swift in Sources */,
				BE26220A27BC57F700D7C8AA /* NetworkManager.swift in Sources */,
				BE26221427BC638200D7C8AA /* RUError.swift in Sources */,
				BEC9588527C24DF600CB197F /* RULocationButton.swift in Sources */,
				BE2621F027BC516700D7C8AA /* AppDelegate.swift in Sources */,
				BE2621F227BC516700D7C8AA /* SceneDelegate.swift in Sources */,
				BE26220D27BC583200D7C8AA /* User.swift in Sources */,
				BE26220627BC567D00D7C8AA /* HomeViewController.swift in Sources */,
				BE25DA5327BEDCF900691293 /* RUAvatarImageView.swift in Sources */,
				BE25DA5C27C103D200691293 /* RUSecondaryLabel.swift in Sources */,
				BE26221727BDA38300D7C8AA /* UserCell.swift in Sources */,
				BE25DA6427C10B2200691293 /* PersonalInfoView.swift in Sources */,
				BE25DA5627C01BE200691293 /* UserInfoView.swift in Sources */,
				BE25DA5927C023EE00691293 /* UserInfoVC.swift in Sources */,
			);
			runOnlyForDeploymentPostprocessing = 0;
		};
/* End PBXSourcesBuildPhase section */

/* Begin PBXVariantGroup section */
		BE2621FA27BC516B00D7C8AA /* LaunchScreen.storyboard */ = {
			isa = PBXVariantGroup;
			children = (
				BE2621FB27BC516B00D7C8AA /* Base */,
			);
			name = LaunchScreen.storyboard;
			sourceTree = "<group>";
		};
/* End PBXVariantGroup section */

/* Begin XCBuildConfiguration section */
		BE2621FE27BC516B00D7C8AA /* Debug */ = {
			isa = XCBuildConfiguration;
			buildSettings = {
				ALWAYS_SEARCH_USER_PATHS = NO;
				CLANG_ANALYZER_NONNULL = YES;
				CLANG_ANALYZER_NUMBER_OBJECT_CONVERSION = YES_AGGRESSIVE;
				CLANG_CXX_LANGUAGE_STANDARD = "gnu++14";
				CLANG_CXX_LIBRARY = "libc++";
				CLANG_ENABLE_MODULES = YES;
				CLANG_ENABLE_OBJC_ARC = YES;
				CLANG_ENABLE_OBJC_WEAK = YES;
				CLANG_WARN_BLOCK_CAPTURE_AUTORELEASING = YES;
				CLANG_WARN_BOOL_CONVERSION = YES;
				CLANG_WARN_COMMA = YES;
				CLANG_WARN_CONSTANT_CONVERSION = YES;
				CLANG_WARN_DEPRECATED_OBJC_IMPLEMENTATIONS = YES;
				CLANG_WARN_DIRECT_OBJC_ISA_USAGE = YES_ERROR;
				CLANG_WARN_DOCUMENTATION_COMMENTS = YES;
				CLANG_WARN_EMPTY_BODY = YES;
				CLANG_WARN_ENUM_CONVERSION = YES;
				CLANG_WARN_INFINITE_RECURSION = YES;
				CLANG_WARN_INT_CONVERSION = YES;
				CLANG_WARN_NON_LITERAL_NULL_CONVERSION = YES;
				CLANG_WARN_OBJC_IMPLICIT_RETAIN_SELF = YES;
				CLANG_WARN_OBJC_LITERAL_CONVERSION = YES;
				CLANG_WARN_OBJC_ROOT_CLASS = YES_ERROR;
				CLANG_WARN_QUOTED_INCLUDE_IN_FRAMEWORK_HEADER = YES;
				CLANG_WARN_RANGE_LOOP_ANALYSIS = YES;
				CLANG_WARN_STRICT_PROTOTYPES = YES;
				CLANG_WARN_SUSPICIOUS_MOVE = YES;
				CLANG_WARN_UNGUARDED_AVAILABILITY = YES_AGGRESSIVE;
				CLANG_WARN_UNREACHABLE_CODE = YES;
				CLANG_WARN__DUPLICATE_METHOD_MATCH = YES;
				COPY_PHASE_STRIP = NO;
				DEBUG_INFORMATION_FORMAT = dwarf;
				ENABLE_STRICT_OBJC_MSGSEND = YES;
				ENABLE_TESTABILITY = YES;
				GCC_C_LANGUAGE_STANDARD = gnu11;
				GCC_DYNAMIC_NO_PIC = NO;
				GCC_NO_COMMON_BLOCKS = YES;
				GCC_OPTIMIZATION_LEVEL = 0;
				GCC_PREPROCESSOR_DEFINITIONS = (
					"DEBUG=1",
					"$(inherited)",
				);
				GCC_WARN_64_TO_32_BIT_CONVERSION = YES;
				GCC_WARN_ABOUT_RETURN_TYPE = YES_ERROR;
				GCC_WARN_UNDECLARED_SELECTOR = YES;
				GCC_WARN_UNINITIALIZED_AUTOS = YES_AGGRESSIVE;
				GCC_WARN_UNUSED_FUNCTION = YES;
				GCC_WARN_UNUSED_VARIABLE = YES;
				IPHONEOS_DEPLOYMENT_TARGET = 14.4;
				MTL_ENABLE_DEBUG_INFO = INCLUDE_SOURCE;
				MTL_FAST_MATH = YES;
				ONLY_ACTIVE_ARCH = YES;
				SDKROOT = iphoneos;
				SWIFT_ACTIVE_COMPILATION_CONDITIONS = DEBUG;
				SWIFT_OPTIMIZATION_LEVEL = "-Onone";
			};
			name = Debug;
		};
		BE2621FF27BC516B00D7C8AA /* Release */ = {
			isa = XCBuildConfiguration;
			buildSettings = {
				ALWAYS_SEARCH_USER_PATHS = NO;
				CLANG_ANALYZER_NONNULL = YES;
				CLANG_ANALYZER_NUMBER_OBJECT_CONVERSION = YES_AGGRESSIVE;
				CLANG_CXX_LANGUAGE_STANDARD = "gnu++14";
				CLANG_CXX_LIBRARY = "libc++";
				CLANG_ENABLE_MODULES = YES;
				CLANG_ENABLE_OBJC_ARC = YES;
				CLANG_ENABLE_OBJC_WEAK = YES;
				CLANG_WARN_BLOCK_CAPTURE_AUTORELEASING = YES;
				CLANG_WARN_BOOL_CONVERSION = YES;
				CLANG_WARN_COMMA = YES;
				CLANG_WARN_CONSTANT_CONVERSION = YES;
				CLANG_WARN_DEPRECATED_OBJC_IMPLEMENTATIONS = YES;
				CLANG_WARN_DIRECT_OBJC_ISA_USAGE = YES_ERROR;
				CLANG_WARN_DOCUMENTATION_COMMENTS = YES;
				CLANG_WARN_EMPTY_BODY = YES;
				CLANG_WARN_ENUM_CONVERSION = YES;
				CLANG_WARN_INFINITE_RECURSION = YES;
				CLANG_WARN_INT_CONVERSION = YES;
				CLANG_WARN_NON_LITERAL_NULL_CONVERSION = YES;
				CLANG_WARN_OBJC_IMPLICIT_RETAIN_SELF = YES;
				CLANG_WARN_OBJC_LITERAL_CONVERSION = YES;
				CLANG_WARN_OBJC_ROOT_CLASS = YES_ERROR;
				CLANG_WARN_QUOTED_INCLUDE_IN_FRAMEWORK_HEADER = YES;
				CLANG_WARN_RANGE_LOOP_ANALYSIS = YES;
				CLANG_WARN_STRICT_PROTOTYPES = YES;
				CLANG_WARN_SUSPICIOUS_MOVE = YES;
				CLANG_WARN_UNGUARDED_AVAILABILITY = YES_AGGRESSIVE;
				CLANG_WARN_UNREACHABLE_CODE = YES;
				CLANG_WARN__DUPLICATE_METHOD_MATCH = YES;
				COPY_PHASE_STRIP = NO;
				DEBUG_INFORMATION_FORMAT = "dwarf-with-dsym";
				ENABLE_NS_ASSERTIONS = NO;
				ENABLE_STRICT_OBJC_MSGSEND = YES;
				GCC_C_LANGUAGE_STANDARD = gnu11;
				GCC_NO_COMMON_BLOCKS = YES;
				GCC_WARN_64_TO_32_BIT_CONVERSION = YES;
				GCC_WARN_ABOUT_RETURN_TYPE = YES_ERROR;
				GCC_WARN_UNDECLARED_SELECTOR = YES;
				GCC_WARN_UNINITIALIZED_AUTOS = YES_AGGRESSIVE;
				GCC_WARN_UNUSED_FUNCTION = YES;
				GCC_WARN_UNUSED_VARIABLE = YES;
				IPHONEOS_DEPLOYMENT_TARGET = 14.4;
				MTL_ENABLE_DEBUG_INFO = NO;
				MTL_FAST_MATH = YES;
				SDKROOT = iphoneos;
				SWIFT_COMPILATION_MODE = wholemodule;
				SWIFT_OPTIMIZATION_LEVEL = "-O";
				VALIDATE_PRODUCT = YES;
			};
			name = Release;
		};
		BE26220127BC516B00D7C8AA /* Debug */ = {
			isa = XCBuildConfiguration;
			buildSettings = {
				ASSETCATALOG_COMPILER_APPICON_NAME = AppIcon;
				ASSETCATALOG_COMPILER_GLOBAL_ACCENT_COLOR_NAME = AccentColor;
				CODE_SIGN_STYLE = Automatic;
				DEVELOPMENT_TEAM = XW9T242VLK;
				INFOPLIST_FILE = RandomUser/Info.plist;
				LD_RUNPATH_SEARCH_PATHS = (
					"$(inherited)",
					"@executable_path/Frameworks",
				);
				PRODUCT_BUNDLE_IDENTIFIER = com.hgunes.RandomUser;
				PRODUCT_NAME = "$(TARGET_NAME)";
				SWIFT_VERSION = 5.0;
				TARGETED_DEVICE_FAMILY = 1;
			};
			name = Debug;
		};
		BE26220227BC516B00D7C8AA /* Release */ = {
			isa = XCBuildConfiguration;
			buildSettings = {
				ASSETCATALOG_COMPILER_APPICON_NAME = AppIcon;
				ASSETCATALOG_COMPILER_GLOBAL_ACCENT_COLOR_NAME = AccentColor;
				CODE_SIGN_STYLE = Automatic;
				DEVELOPMENT_TEAM = XW9T242VLK;
				INFOPLIST_FILE = RandomUser/Info.plist;
				LD_RUNPATH_SEARCH_PATHS = (
					"$(inherited)",
					"@executable_path/Frameworks",
				);
				PRODUCT_BUNDLE_IDENTIFIER = com.hgunes.RandomUser;
				PRODUCT_NAME = "$(TARGET_NAME)";
				SWIFT_VERSION = 5.0;
				TARGETED_DEVICE_FAMILY = 1;
			};
			name = Release;
		};
/* End XCBuildConfiguration section */

/* Begin XCConfigurationList section */
		BE2621E727BC516700D7C8AA /* Build configuration list for PBXProject "RandomUser" */ = {
			isa = XCConfigurationList;
			buildConfigurations = (
				BE2621FE27BC516B00D7C8AA /* Debug */,
				BE2621FF27BC516B00D7C8AA /* Release */,
			);
			defaultConfigurationIsVisible = 0;
			defaultConfigurationName = Release;
		};
		BE26220027BC516B00D7C8AA /* Build configuration list for PBXNativeTarget "RandomUser" */ = {
			isa = XCConfigurationList;
			buildConfigurations = (
				BE26220127BC516B00D7C8AA /* Debug */,
				BE26220227BC516B00D7C8AA /* Release */,
			);
			defaultConfigurationIsVisible = 0;
			defaultConfigurationName = Release;
		};
/* End XCConfigurationList section */
	};
	rootObject = BE2621E427BC516700D7C8AA /* Project object */;
}
